# This file is autogenerated, do not edit; changes may be undone by the next 'dep ensure'.


[[projects]]
  digest = "1:76dc72490af7174349349838f2fe118996381b31ea83243812a97e5a0fd5ed55"
  name = "github.com/dgrijalva/jwt-go"
  packages = ["."]
  pruneopts = "UT"
  revision = "06ea1031745cb8b3dab3f6a236daf2b0aa468b7e"
  version = "v3.2.0"

[[projects]]
  digest = "1:410db85c2cd935af48376003c8af1cda24d2c71858f570658dc93679136cb4e5"
  name = "github.com/go-session/session"
  packages = ["."]
  pruneopts = "UT"
  revision = "5148957874831f27a7d95f708d41eff3d76ec658"
  version = "v3.1.2"

[[projects]]
  branch = "master"
  digest = "1:3297205be37afe3f25875b99ad48babe2aebb6e0cf61631d6d9851ecb266370e"
  name = "github.com/tidwall/btree"
  packages = ["."]
  pruneopts = "UT"
  revision = "9876f1454cf0993a53d74c27196993e345f50dd1"

[[projects]]
  digest = "1:eb52960efb7c105ef572f84183de3e337ebbbb529a8efbe6bb4753a22aba4cc6"
  name = "github.com/tidwall/buntdb"
  packages = ["."]
  pruneopts = "UT"
  revision = "6249481c29c2cd96f53b691b74ac1893f72774c2"
  version = "v1.1.0"

[[projects]]
  digest = "1:7df351557a6d5c30804e7d6f7ed87f2fccb0619c08fcc84869a93f22bec96c11"
  name = "github.com/tidwall/gjson"
  packages = ["."]
  pruneopts = "UT"
  revision = "eee0b6226f0d1db2675a176fdfaa8419bcad4ca8"
  version = "v1.2.1"

[[projects]]
  branch = "master"
  digest = "1:403222dac436240f4a747c4ced09c1d5884082d920f151ea6c19abf7a75d4e7c"
  name = "github.com/tidwall/grect"
  packages = ["."]
  pruneopts = "UT"
  revision = "ba9a043346eba55344e40d66a5e74cfda3a9d293"

[[projects]]
  digest = "1:8453ddbed197809ee8ca28b06bd04e127bec9912deb4ba451fea7a1eca578328"
  name = "github.com/tidwall/match"
  packages = ["."]
  pruneopts = "UT"
  revision = "33827db735fff6510490d69a8622612558a557ed"
  version = "v1.0.1"

[[projects]]
  branch = "master"
  digest = "1:ddfe0a54e5f9b29536a6d7b2defa376f2cb2b6e4234d676d7ff214d5b097cb50"
  name = "github.com/tidwall/pretty"
  packages = ["."]
  pruneopts = "UT"
  revision = "1166b9ac2b65e46a43d8618d30d1554f4652d49b"

[[projects]]
  branch = "master"
  digest = "1:54fec16397c72e6ecb5e61309e369517d4ea7aaee4d97454c36075539039ad85"
  name = "github.com/tidwall/rtree"
  packages = [
    ".",
    "base",
  ]
  pruneopts = "UT"
  revision = "6cd427091e0e662cb4f8e2c9eb1a41e1c46ff0d3"

[[projects]]
  branch = "master"
  digest = "1:1b885e925ee7c05565b3178a4fa818bf33885878344d8629ac433a5db99d58e4"
  name = "github.com/tidwall/tinyqueue"
  packages = ["."]
  pruneopts = "UT"
  revision = "1e39f55115634cad2c504631c8bfcc292f2c9c55"

[[projects]]
  digest = "1:822e385c3eda90e53b4942ac4122c05bd5da02484487cc78f6d95633cd5dc9b0"
  name = "gopkg.in/oauth2.v3"
  packages = [
    ".",
    "errors",
    "generates",
    "manage",
    "models",
    "server",
    "store",
    "utils/uuid",
  ]
  pruneopts = "UT"
  revision = "fe41d7bfbb24c7beb58643b86cab0b14689d5077"
  version = "v3.9.5"

[solve-meta]
  analyzer-name = "dep"
  analyzer-version = 1
  input-imports = [
    "github.com/dgrijalva/jwt-go",
    "github.com/go-session/session",
    "gopkg.in/oauth2.v3/errors",
    "gopkg.in/oauth2.v3/generates",
    "gopkg.in/oauth2.v3/manage",
    "gopkg.in/oauth2.v3/models",
    "gopkg.in/oauth2.v3/server",
    "gopkg.in/oauth2.v3/store",
  ]
  solver-name = "gps-cdcl"
  solver-version = 1
